
Microsoft Visual Studio Solution File, Format Version 12.00
# Visual Studio Version 17
VisualStudioVersion = 17.10.35122.118
MinimumVisualStudioVersion = 10.0.40219.1
Project("{FAE04EC0-301F-11D3-BF4B-00C04F79EFBC}") = "API", "API\API.csproj", "{7D6318F7-7C21-4CB9-BFD8-20BEA2C1F417}"
EndProject
Project("{FAE04EC0-301F-11D3-BF4B-00C04F79EFBC}") = "Domain", "Domain\Domain.csproj", "{B5F7CD67-E27E-46EC-81D6-1E15ED3ADE7F}"
EndProject
Project("{FAE04EC0-301F-11D3-BF4B-00C04F79EFBC}") = "Application", "Application\Application.csproj", "{A9C43A42-A5D4-41C2-A0B1-6870212F3DC1}"
EndProject
Project("{FAE04EC0-301F-11D3-BF4B-00C04F79EFBC}") = "Infra.Data", "Infra.Data\Infra.Data.csproj", "{C5B6C256-5FE1-4407-8C01-1F54B949A0D0}"
EndProject
Project("{E53339B2-1760-4266-BCC7-CA923CBCF16C}") = "docker-compose", "docker-compose.dcproj", "{CC60EF2D-C544-40B7-B318-2D247F8C07E8}"
EndProject
Global
	GlobalSection(SolutionConfigurationPlatforms) = preSolution
		Debug|Any CPU = Debug|Any CPU
		Release|Any CPU = Release|Any CPU
	EndGlobalSection
	GlobalSection(ProjectConfigurationPlatforms) = postSolution
		{7D6318F7-7C21-4CB9-BFD8-20BEA2C1F417}.Debug|Any CPU.ActiveCfg = Debug|Any CPU
		{7D6318F7-7C21-4CB9-BFD8-20BEA2C1F417}.Debug|Any CPU.Build.0 = Debug|Any CPU
		{7D6318F7-7C21-4CB9-BFD8-20BEA2C1F417}.Release|Any CPU.ActiveCfg = Release|Any CPU
		{7D6318F7-7C21-4CB9-BFD8-20BEA2C1F417}.Release|Any CPU.Build.0 = Release|Any CPU
		{B5F7CD67-E27E-46EC-81D6-1E15ED3ADE7F}.Debug|Any CPU.ActiveCfg = Debug|Any CPU
		{B5F7CD67-E27E-46EC-81D6-1E15ED3ADE7F}.Debug|Any CPU.Build.0 = Debug|Any CPU
		{B5F7CD67-E27E-46EC-81D6-1E15ED3ADE7F}.Release|Any CPU.ActiveCfg = Release|Any CPU
		{B5F7CD67-E27E-46EC-81D6-1E15ED3ADE7F}.Release|Any CPU.Build.0 = Release|Any CPU
		{A9C43A42-A5D4-41C2-A0B1-6870212F3DC1}.Debug|Any CPU.ActiveCfg = Debug|Any CPU
		{A9C43A42-A5D4-41C2-A0B1-6870212F3DC1}.Debug|Any CPU.Build.0 = Debug|Any CPU
		{A9C43A42-A5D4-41C2-A0B1-6870212F3DC1}.Release|Any CPU.ActiveCfg = Release|Any CPU
		{A9C43A42-A5D4-41C2-A0B1-6870212F3DC1}.Release|Any CPU.Build.0 = Release|Any CPU
		{C5B6C256-5FE1-4407-8C01-1F54B949A0D0}.Debug|Any CPU.ActiveCfg = Debug|Any CPU
		{C5B6C256-5FE1-4407-8C01-1F54B949A0D0}.Debug|Any CPU.Build.0 = Debug|Any CPU
		{C5B6C256-5FE1-4407-8C01-1F54B949A0D0}.Release|Any CPU.ActiveCfg = Release|Any CPU
		{C5B6C256-5FE1-4407-8C01-1F54B949A0D0}.Release|Any CPU.Build.0 = Release|Any CPU
		{CC60EF2D-C544-40B7-B318-2D247F8C07E8}.Debug|Any CPU.ActiveCfg = Debug|Any CPU
		{CC60EF2D-C544-40B7-B318-2D247F8C07E8}.Debug|Any CPU.Build.0 = Debug|Any CPU
		{CC60EF2D-C544-40B7-B318-2D247F8C07E8}.Release|Any CPU.ActiveCfg = Release|Any CPU
		{CC60EF2D-C544-40B7-B318-2D247F8C07E8}.Release|Any CPU.Build.0 = Release|Any CPU
	EndGlobalSection
	GlobalSection(SolutionProperties) = preSolution
		HideSolutionNode = FALSE
	EndGlobalSection
	GlobalSection(ExtensibilityGlobals) = postSolution
		SolutionGuid = {789E5DA9-B17D-45D3-B5DE-0C599E872AFE}
	EndGlobalSection
EndGlobal
